// !$*UTF8*$!
{
	archiveVersion = 1;
	classes = {
	};
	objectVersion = 46;
	objects = {

/* Begin PBXBuildFile section */
		6DCC4E191A7048DB00DBCF7D /* AppDelegate.m in Sources */ = {isa = PBXBuildFile; fileRef = 6DCC4E181A7048DB00DBCF7D /* AppDelegate.m */; };
		6DCC4E1B1A7048DB00DBCF7D /* main.m in Sources */ = {isa = PBXBuildFile; fileRef = 6DCC4E1A1A7048DB00DBCF7D /* main.m */; };
		6DCC4E1D1A7048DB00DBCF7D /* Images.xcassets in Resources */ = {isa = PBXBuildFile; fileRef = 6DCC4E1C1A7048DB00DBCF7D /* Images.xcassets */; };
		6DCC4E201A7048DB00DBCF7D /* MainMenu.xib in Resources */ = {isa = PBXBuildFile; fileRef = 6DCC4E1E1A7048DB00DBCF7D /* MainMenu.xib */; };
		6DCC4E2C1A7048DB00DBCF7D /* GGJ_15Tests.m in Sources */ = {isa = PBXBuildFile; fileRef = 6DCC4E2B1A7048DB00DBCF7D /* GGJ_15Tests.m */; };
/* End PBXBuildFile section */

/* Begin PBXContainerItemProxy section */
		6DCC4E261A7048DB00DBCF7D /* PBXContainerItemProxy */ = {
			isa = PBXContainerItemProxy;
			containerPortal = 6DCC4E0A1A7048DB00DBCF7D /* Project object */;
			proxyType = 1;
			remoteGlobalIDString = 6DCC4E111A7048DB00DBCF7D;
			remoteInfo = "GGJ-15";
		};
/* End PBXContainerItemProxy section */

/* Begin PBXFileReference section */
		6DCC4E121A7048DB00DBCF7D /* GGJ-15.app */ = {isa = PBXFileReference; explicitFileType = wrapper.application; includeInIndex = 0; path = "GGJ-15.app"; sourceTree = BUILT_PRODUCTS_DIR; };
		6DCC4E161A7048DB00DBCF7D /* Info.plist */ = {isa = PBXFileReference; lastKnownFileType = text.plist.xml; path = Info.plist; sourceTree = "<group>"; };
		6DCC4E171A7048DB00DBCF7D /* AppDelegate.h */ = {isa = PBXFileReference; lastKnownFileType = sourcecode.c.h; path = AppDelegate.h; sourceTree = "<group>"; };
		6DCC4E181A7048DB00DBCF7D /* AppDelegate.m */ = {isa = PBXFileReference; lastKnownFileType = sourcecode.c.objc; path = AppDelegate.m; sourceTree = "<group>"; };
		6DCC4E1A1A7048DB00DBCF7D /* main.m */ = {isa = PBXFileReference; lastKnownFileType = sourcecode.c.objc; path = main.m; sourceTree = "<group>"; };
		6DCC4E1C1A7048DB00DBCF7D /* Images.xcassets */ = {isa = PBXFileReference; lastKnownFileType = folder.assetcatalog; path = Images.xcassets; sourceTree = "<group>"; };
		6DCC4E1F1A7048DB00DBCF7D /* Base */ = {isa = PBXFileReference; lastKnownFileType = file.xib; name = Base; path = Base.lproj/MainMenu.xib; sourceTree = "<group>"; };
		6DCC4E251A7048DB00DBCF7D /* GGJ-15Tests.xctest */ = {isa = PBXFileReference; explicitFileType = wrapper.cfbundle; includeInIndex = 0; path = "GGJ-15Tests.xctest"; sourceTree = BUILT_PRODUCTS_DIR; };
		6DCC4E2A1A7048DB00DBCF7D /* Info.plist */ = {isa = PBXFileReference; lastKnownFileType = text.plist.xml; path = Info.plist; sourceTree = "<group>"; };
		6DCC4E2B1A7048DB00DBCF7D /* GGJ_15Tests.m */ = {isa = PBXFileReference; lastKnownFileType = sourcecode.c.objc; path = GGJ_15Tests.m; sourceTree = "<group>"; };
/* End PBXFileReference section */

/* Begin PBXFrameworksBuildPhase section */
		6DCC4E0F1A7048DB00DBCF7D /* Frameworks */ = {
			isa = PBXFrameworksBuildPhase;
			buildActionMask = 2147483647;
			files = (
			);
			runOnlyForDeploymentPostprocessing = 0;
		};
		6DCC4E221A7048DB00DBCF7D /* Frameworks */ = {
			isa = PBXFrameworksBuildPhase;
			buildActionMask = 2147483647;
			files = (
			);
			runOnlyForDeploymentPostprocessing = 0;
		};
/* End PBXFrameworksBuildPhase section */

/* Begin PBXGroup section */
		6DCC4E091A7048DB00DBCF7D = {
			isa = PBXGroup;
			children = (
				6DCC4E141A7048DB00DBCF7D /* GGJ-15 */,
				6DCC4E281A7048DB00DBCF7D /* GGJ-15Tests */,
				6DCC4E131A7048DB00DBCF7D /* Products */,
			);
			sourceTree = "<group>";
		};
		6DCC4E131A7048DB00DBCF7D /* Products */ = {
			isa = PBXGroup;
			children = (
				6DCC4E121A7048DB00DBCF7D /* GGJ-15.app */,
				6DCC4E251A7048DB00DBCF7D /* GGJ-15Tests.xctest */,
			);
			name = Products;
			sourceTree = "<group>";
		};
		6DCC4E141A7048DB00DBCF7D /* GGJ-15 */ = {
			isa = PBXGroup;
			children = (
				6DCC4E171A7048DB00DBCF7D /* AppDelegate.h */,
				6DCC4E181A7048DB00DBCF7D /* AppDelegate.m */,
				6DCC4E1C1A7048DB00DBCF7D /* Images.xcassets */,
				6DCC4E1E1A7048DB00DBCF7D /* MainMenu.xib */,
				6DCC4E151A7048DB00DBCF7D /* Supporting Files */,
			);
			path = "GGJ-15";
			sourceTree = "<group>";
		};
		6DCC4E151A7048DB00DBCF7D /* Supporting Files */ = {
			isa = PBXGroup;
			children = (
				6DCC4E161A7048DB00DBCF7D /* Info.plist */,
				6DCC4E1A1A7048DB00DBCF7D /* main.m */,
			);
			name = "Supporting Files";
			sourceTree = "<group>";
		};
		6DCC4E281A7048DB00DBCF7D /* GGJ-15Tests */ = {
			isa = PBXGroup;
			children = (
				6DCC4E2B1A7048DB00DBCF7D /* GGJ_15Tests.m */,
				6DCC4E291A7048DB00DBCF7D /* Supporting Files */,
			);
			path = "GGJ-15Tests";
			sourceTree = "<group>";
		};
		6DCC4E291A7048DB00DBCF7D /* Supporting Files */ = {
			isa = PBXGroup;
			children = (
				6DCC4E2A1A7048DB00DBCF7D /* Info.plist */,
			);
			name = "Supporting Files";
			sourceTree = "<group>";
		};
/* End PBXGroup section */

/* Begin PBXNativeTarget section */
		6DCC4E111A7048DB00DBCF7D /* GGJ-15 */ = {
			isa = PBXNativeTarget;
			buildConfigurationList = 6DCC4E2F1A7048DB00DBCF7D /* Build configuration list for PBXNativeTarget "GGJ-15" */;
			buildPhases = (
				6DCC4E0E1A7048DB00DBCF7D /* Sources */,
				6DCC4E0F1A7048DB00DBCF7D /* Frameworks */,
				6DCC4E101A7048DB00DBCF7D /* Resources */,
			);
			buildRules = (
			);
			dependencies = (
			);
			name = "GGJ-15";
			productName = "GGJ-15";
			productReference = 6DCC4E121A7048DB00DBCF7D /* GGJ-15.app */;
			productType = "com.apple.product-type.application";
		};
		6DCC4E241A7048DB00DBCF7D /* GGJ-15Tests */ = {
			isa = PBXNativeTarget;
			buildConfigurationList = 6DCC4E321A7048DB00DBCF7D /* Build configuration list for PBXNativeTarget "GGJ-15Tests" */;
			buildPhases = (
				6DCC4E211A7048DB00DBCF7D /* Sources */,
				6DCC4E221A7048DB00DBCF7D /* Frameworks */,
				6DCC4E231A7048DB00DBCF7D /* Resources */,
			);
			buildRules = (
			);
			dependencies = (
				6DCC4E271A7048DB00DBCF7D /* PBXTargetDependency */,
			);
			name = "GGJ-15Tests";
			productName = "GGJ-15Tests";
			productReference = 6DCC4E251A7048DB00DBCF7D /* GGJ-15Tests.xctest */;
			productType = "com.apple.product-type.bundle.unit-test";
		};
/* End PBXNativeTarget section */

/* Begin PBXProject section */
		6DCC4E0A1A7048DB00DBCF7D /* Project object */ = {
			isa = PBXProject;
			attributes = {
				LastUpgradeCheck = 0610;
				ORGANIZATIONNAME = shaunmitchell;
				TargetAttributes = {
					6DCC4E111A7048DB00DBCF7D = {
						CreatedOnToolsVersion = 6.1.1;
					};
					6DCC4E241A7048DB00DBCF7D = {
						CreatedOnToolsVersion = 6.1.1;
						TestTargetID = 6DCC4E111A7048DB00DBCF7D;
					};
				};
			};
			buildConfigurationList = 6DCC4E0D1A7048DB00DBCF7D /* Build configuration list for PBXProject "GGJ-15" */;
			compatibilityVersion = "Xcode 3.2";
			developmentRegion = English;
			hasScannedForEncodings = 0;
			knownRegions = (
				en,
				Base,
			);
			mainGroup = 6DCC4E091A7048DB00DBCF7D;
			productRefGroup = 6DCC4E131A7048DB00DBCF7D /* Products */;
			projectDirPath = "";
			projectRoot = "";
			targets = (
				6DCC4E111A7048DB00DBCF7D /* GGJ-15 */,
				6DCC4E241A7048DB00DBCF7D /* GGJ-15Tests */,
			);
		};
/* End PBXProject section */

/* Begin PBXResourcesBuildPhase section */
		6DCC4E101A7048DB00DBCF7D /* Resources */ = {
			isa = PBXResourcesBuildPhase;
			buildActionMask = 2147483647;
			files = (
				6DCC4E1D1A7048DB00DBCF7D /* Images.xcassets in Resources */,
				6DCC4E201A7048DB00DBCF7D /* MainMenu.xib in Resources */,
			);
			runOnlyForDeploymentPostprocessing = 0;
		};
		6DCC4E231A7048DB00DBCF7D /* Resources */ = {
			isa = PBXResourcesBuildPhase;
			buildActionMask = 2147483647;
			files = (
			);
			runOnlyForDeploymentPostprocessing = 0;
		};
/* End PBXResourcesBuildPhase section */

/* Begin PBXSourcesBuildPhase section */
		6DCC4E0E1A7048DB00DBCF7D /* Sources */ = {
			isa = PBXSourcesBuildPhase;
			buildActionMask = 2147483647;
			files = (
				6DCC4E1B1A7048DB00DBCF7D /* main.m in Sources */,
				6DCC4E191A7048DB00DBCF7D /* AppDelegate.m in Sources */,
			);
			runOnlyForDeploymentPostprocessing = 0;
		};
		6DCC4E211A7048DB00DBCF7D /* Sources */ = {
			isa = PBXSourcesBuildPhase;
			buildActionMask = 2147483647;
			files = (
				6DCC4E2C1A7048DB00DBCF7D /* GGJ_15Tests.m in Sources */,
			);
			runOnlyForDeploymentPostprocessing = 0;
		};
/* End PBXSourcesBuildPhase section */

/* Begin PBXTargetDependency section */
		6DCC4E271A7048DB00DBCF7D /* PBXTargetDependency */ = {
			isa = PBXTargetDependency;
			target = 6DCC4E111A7048DB00DBCF7D /* GGJ-15 */;
			targetProxy = 6DCC4E261A7048DB00DBCF7D /* PBXContainerItemProxy */;
		};
/* End PBXTargetDependency section */

/* Begin PBXVariantGroup section */
		6DCC4E1E1A7048DB00DBCF7D /* MainMenu.xib */ = {
			isa = PBXVariantGroup;
			children = (
				6DCC4E1F1A7048DB00DBCF7D /* Base */,
			);
			name = MainMenu.xib;
			sourceTree = "<group>";
		};
/* End PBXVariantGroup section */

/* Begin XCBuildConfiguration section */
		6DCC4E2D1A7048DB00DBCF7D /* Debug */ = {
			isa = XCBuildConfiguration;
			buildSettings = {
				ALWAYS_SEARCH_USER_PATHS = NO;
				CLANG_CXX_LANGUAGE_STANDARD = "gnu++0x";
				CLANG_CXX_LIBRARY = "libc++";
				CLANG_ENABLE_MODULES = YES;
				CLANG_ENABLE_OBJC_ARC = YES;
				CLANG_WARN_BOOL_CONVERSION = YES;
				CLANG_WARN_CONSTANT_CONVERSION = YES;
				CLANG_WARN_DIRECT_OBJC_ISA_USAGE = YES_ERROR;
				CLANG_WARN_EMPTY_BODY = YES;
				CLANG_WARN_ENUM_CONVERSION = YES;
				CLANG_WARN_INT_CONVERSION = YES;
				CLANG_WARN_OBJC_ROOT_CLASS = YES_ERROR;
				CLANG_WARN_UNREACHABLE_CODE = YES;
				CLANG_WARN__DUPLICATE_METHOD_MATCH = YES;
				CODE_SIGN_IDENTITY = "-";
				COPY_PHASE_STRIP = NO;
				ENABLE_STRICT_OBJC_MSGSEND = YES;
				GCC_C_LANGUAGE_STANDARD = gnu99;
				GCC_DYNAMIC_NO_PIC = NO;
				GCC_OPTIMIZATION_LEVEL = 0;
				GCC_PREPROCESSOR_DEFINITIONS = (
					"DEBUG=1",
					"$(inherited)",
				);
				GCC_SYMBOLS_PRIVATE_EXTERN = NO;
				GCC_WARN_64_TO_32_BIT_CONVERSION = YES;
				GCC_WARN_ABOUT_RETURN_TYPE = YES_ERROR;
				GCC_WARN_UNDECLARED_SELECTOR = YES;
				GCC_WARN_UNINITIALIZED_AUTOS = YES_AGGRESSIVE;
				GCC_WARN_UNUSED_FUNCTION = YES;
				GCC_WARN_UNUSED_VARIABLE = YES;
				MACOSX_DEPLOYMENT_TARGET = 10.10;
				MTL_ENABLE_DEBUG_INFO = YES;
				ONLY_ACTIVE_ARCH = YES;
				SDKROOT = macosx;
			};
			name = Debug;
		};
		6DCC4E2E1A7048DB00DBCF7D /* Release */ = {
			isa = XCBuildConfiguration;
			buildSettings = {
				ALWAYS_SEARCH_USER_PATHS = NO;
				CLANG_CXX_LANGUAGE_STANDARD = "gnu++0x";
				CLANG_CXX_LIBRARY = "libc++";
				CLANG_ENABLE_MODULES = YES;
				CLANG_ENABLE_OBJC_ARC = YES;
				CLANG_WARN_BOOL_CONVERSION = YES;
				CLANG_WARN_CONSTANT_CONVERSION = YES;
				CLANG_WARN_DIRECT_OBJC_ISA_USAGE = YES_ERROR;
				CLANG_WARN_EMPTY_BODY = YES;
				CLANG_WARN_ENUM_CONVERSION = YES;
				CLANG_WARN_INT_CONVERSION = YES;
				CLANG_WARN_OBJC_ROOT_CLASS = YES_ERROR;
				CLANG_WARN_UNREACHABLE_CODE = YES;
				CLANG_WARN__DUPLICATE_METHOD_MATCH = YES;
				CODE_SIGN_IDENTITY = "-";
				COPY_PHASE_STRIP = YES;
				DEBUG_INFORMATION_FORMAT = "dwarf-with-dsym";
				ENABLE_NS_ASSERTIONS = NO;
				ENABLE_STRICT_OBJC_MSGSEND = YES;
				GCC_C_LANGUAGE_STANDARD = gnu99;
				GCC_WARN_64_TO_32_BIT_CONVERSION = YES;
				GCC_WARN_ABOUT_RETURN_TYPE = YES_ERROR;
				GCC_WARN_UNDECLARED_SELECTOR = YES;
				GCC_WARN_UNINITIALIZED_AUTOS = YES_AGGRESSIVE;
				GCC_WARN_UNUSED_FUNCTION = YES;
				GCC_WARN_UNUSED_VARIABLE = YES;
				MACOSX_DEPLOYMENT_TARGET = 10.10;
				MTL_ENABLE_DEBUG_INFO = NO;
				SDKROOT = macosx;
			};
			name = Release;
		};
		6DCC4E301A7048DB00DBCF7D /* Debug */ = {
			isa = XCBuildConfiguration;
			buildSettings = {
				ASSETCATALOG_COMPILER_APPICON_NAME = AppIcon;
				COMBINE_HIDPI_IMAGES = YES;
				INFOPLIST_FILE = "GGJ-15/Info.plist";
				LD_RUNPATH_SEARCH_PATHS = "$(inherited) @executable_path/../Frameworks";
				PRODUCT_NAME = "$(TARGET_NAME)";
			};
			name = Debug;
		};
		6DCC4E311A7048DB00DBCF7D /* Release */ = {
			isa = XCBuildConfiguration;
			buildSettings = {
				ASSETCATALOG_COMPILER_APPICON_NAME = AppIcon;
				COMBINE_HIDPI_IMAGES = YES;
				INFOPLIST_FILE = "GGJ-15/Info.plist";
				LD_RUNPATH_SEARCH_PATHS = "$(inherited) @executable_path/../Frameworks";
				PRODUCT_NAME = "$(TARGET_NAME)";
			};
			name = Release;
		};
		6DCC4E331A7048DB00DBCF7D /* Debug */ = {
			isa = XCBuildConfiguration;
			buildSettings = {
				BUNDLE_LOADER = "$(TEST_HOST)";
				COMBINE_HIDPI_IMAGES = YES;
				FRAMEWORK_SEARCH_PATHS = (
					"$(DEVELOPER_FRAMEWORKS_DIR)",
					"$(inherited)",
				);
				GCC_PREPROCESSOR_DEFINITIONS = (
					"DEBUG=1",
					"$(inherited)",
				);
				INFOPLIST_FILE = "GGJ-15Tests/Info.plist";
				LD_RUNPATH_SEARCH_PATHS = "$(inherited) @executable_path/../Frameworks @loader_path/../Frameworks";
				PRODUCT_NAME = "$(TARGET_NAME)";
				TEST_HOST = "$(BUILT_PRODUCTS_DIR)/GGJ-15.app/Contents/MacOS/GGJ-15";
			};
			name = Debug;
		};
		6DCC4E341A7048DB00DBCF7D /* Release */ = {
			isa = XCBuildConfiguration;
			buildSettings = {
				BUNDLE_LOADER = "$(TEST_HOST)";
				COMBINE_HIDPI_IMAGES = YES;
				FRAMEWORK_SEARCH_PATHS = (
					"$(DEVELOPER_FRAMEWORKS_DIR)",
					"$(inherited)",
				);
				INFOPLIST_FILE = "GGJ-15Tests/Info.plist";
				LD_RUNPATH_SEARCH_PATHS = "$(inherited) @executable_path/../Frameworks @loader_path/../Frameworks";
				PRODUCT_NAME = "$(TARGET_NAME)";
				TEST_HOST = "$(BUILT_PRODUCTS_DIR)/GGJ-15.app/Contents/MacOS/GGJ-15";
			};
			name = Release;
		};
/* End XCBuildConfiguration section */

/* Begin XCConfigurationList section */
		6DCC4E0D1A7048DB00DBCF7D /* Build configuration list for PBXProject "GGJ-15" */ = {
			isa = XCConfigurationList;
			buildConfigurations = (
				6DCC4E2D1A7048DB00DBCF7D /* Debug */,
				6DCC4E2E1A7048DB00DBCF7D /* Release */,
			);
			defaultConfigurationIsVisible = 0;
			defaultConfigurationName = Release;
		};
		6DCC4E2F1A7048DB00DBCF7D /* Build configuration list for PBXNativeTarget "GGJ-15" */ = {
			isa = XCConfigurationList;
			buildConfigurations = (
				6DCC4E301A7048DB00DBCF7D /* Debug */,
				6DCC4E311A7048DB00DBCF7D /* Release */,
			);
			defaultConfigurationIsVisible = 0;
		};
		6DCC4E321A7048DB00DBCF7D /* Build configuration list for PBXNativeTarget "GGJ-15Tests" */ = {
			isa = XCConfigurationList;
			buildConfigurations = (
				6DCC4E331A7048DB00DBCF7D /* Debug */,
				6DCC4E341A7048DB00DBCF7D /* Release */,
			);
			defaultConfigurationIsVisible = 0;
		};
/* End XCConfigurationList section */
	};
	rootObject = 6DCC4E0A1A7048DB00DBCF7D /* Project object */;
}
